
Microsoft Visual Studio Solution File, Format Version 12.00
# Visual Studio Version 17
VisualStudioVersion = 17.3.32901.215
MinimumVisualStudioVersion = 10.0.40219.1
Project("{FAE04EC0-301F-11D3-BF4B-00C04F79EFBC}") = "Alarm", "Alarm\Alarm.csproj", "{252463C8-53A5-46E9-87A9-74153A953511}"
EndProject
Global
	GlobalSection(SolutionConfigurationPlatforms) = preSolution
		Debug|Any CPU = Debug|Any CPU
		Release|Any CPU = Release|Any CPU
	EndGlobalSection
	GlobalSection(ProjectConfigurationPlatforms) = postSolution
		{252463C8-53A5-46E9-87A9-74153A953511}.Debug|Any CPU.ActiveCfg = Debug|Any CPU
		{252463C8-53A5-46E9-87A9-74153A953511}.Debug|Any CPU.Build.0 = Debug|Any CPU
		{252463C8-53A5-46E9-87A9-74153A953511}.Release|Any CPU.ActiveCfg = Release|Any CPU
		{252463C8-53A5-46E9-87A9-74153A953511}.Release|Any CPU.Build.0 = Release|Any CPU
	EndGlobalSection
	GlobalSection(SolutionProperties) = preSolution
		HideSolutionNode = FALSE
	EndGlobalSection
	GlobalSection(ExtensibilityGlobals) = postSolution
		SolutionGuid = {6C9621EE-233F-4584-97AB-2266530F40E0}
	EndGlobalSection
EndGlobal
